
Microsoft Visual Studio Solution File, Format Version 12.00
# Visual Studio Version 16
VisualStudioVersion = 16.0.30011.22
MinimumVisualStudioVersion = 10.0.40219.1
Project("{FAE04EC0-301F-11D3-BF4B-00C04F79EFBC}") = "PrivatBank.Api", "PrivatBank.Api\PrivatBank.Api.csproj", "{A56499F4-0DB0-43BD-8A81-15CADB88FD3A}"
EndProject
Global
	GlobalSection(SolutionConfigurationPlatforms) = preSolution
		Debug|Any CPU = Debug|Any CPU
		Release|Any CPU = Release|Any CPU
	EndGlobalSection
	GlobalSection(ProjectConfigurationPlatforms) = postSolution
		{A56499F4-0DB0-43BD-8A81-15CADB88FD3A}.Debug|Any CPU.ActiveCfg = Debug|Any CPU
		{A56499F4-0DB0-43BD-8A81-15CADB88FD3A}.Debug|Any CPU.Build.0 = Debug|Any CPU
		{A56499F4-0DB0-43BD-8A81-15CADB88FD3A}.Release|Any CPU.ActiveCfg = Release|Any CPU
		{A56499F4-0DB0-43BD-8A81-15CADB88FD3A}.Release|Any CPU.Build.0 = Release|Any CPU
	EndGlobalSection
	GlobalSection(SolutionProperties) = preSolution
		HideSolutionNode = FALSE
	EndGlobalSection
	GlobalSection(ExtensibilityGlobals) = postSolution
		SolutionGuid = {C777B2FE-79F2-4AEB-8469-1494CF160D5A}
	EndGlobalSection
EndGlobal
